{
  "name": "hefoki-backend",
  "version": "1.0.0",
  "lockfileVersion": 3,
  "requires": true,
  "packages": {
    "": {
      "name": "hefoki-backend",
      "version": "1.0.0",
      "license": "ISC",
      "dependencies": {
        "hefoki-scraper": "file:../hefoki-scraper"
      }
    },
    "../hefoki-scraper": {
      "version": "1.0.0",
      "dependencies": {
        "cheerio": "^1.0.0-rc.12"
      },
      "devDependencies": {}
    },
    "node_modules/hefoki-scraper": {
      "resolved": "../hefoki-scraper",
      "link": true
    }
  }
}
